Microsoft Visual Studio Solution File, Format Version 12.00
# Visual Studio Version 17
VisualStudioVersion = 17.5.2.0
MinimumVisualStudioVersion = 10.0.40219.1
Project("{2150E333-8FDC-42A3-9474-1A3956D46DE8}") = "Desktop", "Desktop", "{7A1224A0-F22D-34FF-DE0A-A058FAFFD90C}"
EndProject
Project("{FAE04EC0-301F-11D3-BF4B-00C04F79EFBC}") = "LaundromatManagementSystem", "Desktop\LaundromatManagementSystem\LaundromatManagementSystem.csproj", "{617E991A-4C8C-309D-92BD-97ED39C6CB00}"
EndProject
Global
	GlobalSection(SolutionConfigurationPlatforms) = preSolution
		Debug|Any CPU = Debug|Any CPU
		Release|Any CPU = Release|Any CPU
	EndGlobalSection
	GlobalSection(ProjectConfigurationPlatforms) = postSolution
		{617E991A-4C8C-309D-92BD-97ED39C6CB00}.Debug|Any CPU.ActiveCfg = Debug|Any CPU
		{617E991A-4C8C-309D-92BD-97ED39C6CB00}.Debug|Any CPU.Build.0 = Debug|Any CPU
		{617E991A-4C8C-309D-92BD-97ED39C6CB00}.Release|Any CPU.ActiveCfg = Release|Any CPU
		{617E991A-4C8C-309D-92BD-97ED39C6CB00}.Release|Any CPU.Build.0 = Release|Any CPU
	EndGlobalSection
	GlobalSection(SolutionProperties) = preSolution
		HideSolutionNode = FALSE
	EndGlobalSection
	GlobalSection(NestedProjects) = preSolution
		{617E991A-4C8C-309D-92BD-97ED39C6CB00} = {7A1224A0-F22D-34FF-DE0A-A058FAFFD90C}
	EndGlobalSection
	GlobalSection(ExtensibilityGlobals) = postSolution
		SolutionGuid = {560CEB43-7529-47D9-B37D-95EEDB531963}
	EndGlobalSection
EndGlobal
